// !$*UTF8*$!
{
	archiveVersion = 1;
	classes = {
	};
	objectVersion = 77;
	objects = {

/* Begin PBXBuildFile section */
		7D38FD012D3024C0008BF288 /* GSS.framework in Frameworks */ = {isa = PBXBuildFile; fileRef = 7D38FD002D3024C0008BF288 /* GSS.framework */; };
		7D38FD032D3024CB008BF288 /* libz.tbd in Frameworks */ = {isa = PBXBuildFile; fileRef = 7D38FD022D3024CB008BF288 /* libz.tbd */; };
		7D38FD052D3024F9008BF288 /* libSystem.tbd in Frameworks */ = {isa = PBXBuildFile; fileRef = 7D38FD042D3024F9008BF288 /* libSystem.tbd */; };
		7D38FD072D302508008BF288 /* libiconv.tbd in Frameworks */ = {isa = PBXBuildFile; fileRef = 7D38FD062D302508008BF288 /* libiconv.tbd */; };
		7D38FE952D32CF66008BF288 /* Sentry in Frameworks */ = {isa = PBXBuildFile; productRef = 7D38FE942D32CF66008BF288 /* Sentry */; };
		7D38FE972D32CF66008BF288 /* SentrySwiftUI in Frameworks */ = {isa = PBXBuildFile; productRef = 7D38FE962D32CF66008BF288 /* SentrySwiftUI */; };
		7D38FE9A2D32CF87008BF288 /* Mixpanel in Frameworks */ = {isa = PBXBuildFile; productRef = 7D38FE992D32CF87008BF288 /* Mixpanel */; };
		7D3B96252D4BC98B00F726D9 /* ZipArchive in Frameworks */ = {isa = PBXBuildFile; productRef = 7D3B96242D4BC98B00F726D9 /* ZipArchive */; };
		7D96603B2D4BBE4D00007D2A /* FirebaseAuth in Frameworks */ = {isa = PBXBuildFile; productRef = 7D96603A2D4BBE4D00007D2A /* FirebaseAuth */; };
/* End PBXBuildFile section */

/* Begin PBXContainerItemProxy section */
		7D38FB372D2F9581008BF288 /* PBXContainerItemProxy */ = {
			isa = PBXContainerItemProxy;
			containerPortal = 7D38FB1D2D2F957F008BF288 /* Project object */;
			proxyType = 1;
			remoteGlobalIDString = 7D38FB242D2F957F008BF288;
			remoteInfo = Xferro;
		};
		7D38FB412D2F9581008BF288 /* PBXContainerItemProxy */ = {
			isa = PBXContainerItemProxy;
			containerPortal = 7D38FB1D2D2F957F008BF288 /* Project object */;
			proxyType = 1;
			remoteGlobalIDString = 7D38FB242D2F957F008BF288;
			remoteInfo = Xferro;
		};
/* End PBXContainerItemProxy section */

/* Begin PBXFileReference section */
		7D38FB252D2F957F008BF288 /* Xferro.app */ = {isa = PBXFileReference; explicitFileType = wrapper.application; includeInIndex = 0; path = Xferro.app; sourceTree = BUILT_PRODUCTS_DIR; };
		7D38FB362D2F9581008BF288 /* XferroTests.xctest */ = {isa = PBXFileReference; explicitFileType = wrapper.cfbundle; includeInIndex = 0; path = XferroTests.xctest; sourceTree = BUILT_PRODUCTS_DIR; };
		7D38FB402D2F9581008BF288 /* XferroUITests.xctest */ = {isa = PBXFileReference; explicitFileType = wrapper.cfbundle; includeInIndex = 0; path = XferroUITests.xctest; sourceTree = BUILT_PRODUCTS_DIR; };
		7D38FD002D3024C0008BF288 /* GSS.framework */ = {isa = PBXFileReference; lastKnownFileType = wrapper.framework; name = GSS.framework; path = System/Library/Frameworks/GSS.framework; sourceTree = SDKROOT; };
		7D38FD022D3024CB008BF288 /* libz.tbd */ = {isa = PBXFileReference; lastKnownFileType = "sourcecode.text-based-dylib-definition"; name = libz.tbd; path = usr/lib/libz.tbd; sourceTree = SDKROOT; };
		7D38FD042D3024F9008BF288 /* libSystem.tbd */ = {isa = PBXFileReference; lastKnownFileType = "sourcecode.text-based-dylib-definition"; name = libSystem.tbd; path = usr/lib/libSystem.tbd; sourceTree = SDKROOT; };
		7D38FD062D302508008BF288 /* libiconv.tbd */ = {isa = PBXFileReference; lastKnownFileType = "sourcecode.text-based-dylib-definition"; name = libiconv.tbd; path = usr/lib/libiconv.tbd; sourceTree = SDKROOT; };
/* End PBXFileReference section */

/* Begin PBXFileSystemSynchronizedBuildFileExceptionSet section */
		7DD1396B2D39A0550076B23B /* Exceptions for "Xferro" folder in "Xferro" target */ = {
			isa = PBXFileSystemSynchronizedBuildFileExceptionSet;
			membershipExceptions = (
				Info.plist,
			);
			target = 7D38FB242D2F957F008BF288 /* Xferro */;
		};
/* End PBXFileSystemSynchronizedBuildFileExceptionSet section */

/* Begin PBXFileSystemSynchronizedRootGroup section */
		7D38FB272D2F957F008BF288 /* Xferro */ = {
			isa = PBXFileSystemSynchronizedRootGroup;
			exceptions = (
				7DD1396B2D39A0550076B23B /* Exceptions for "Xferro" folder in "Xferro" target */,
			);
			path = Xferro;
			sourceTree = "<group>";
		};
		7D38FB392D2F9581008BF288 /* XferroTests */ = {
			isa = PBXFileSystemSynchronizedRootGroup;
			path = XferroTests;
			sourceTree = "<group>";
		};
/* End PBXFileSystemSynchronizedRootGroup section */

/* Begin PBXFrameworksBuildPhase section */
		7D38FB222D2F957F008BF288 /* Frameworks */ = {
			isa = PBXFrameworksBuildPhase;
			buildActionMask = 2147483647;
			files = (
				7D38FD072D302508008BF288 /* libiconv.tbd in Frameworks */,
				7D38FE972D32CF66008BF288 /* SentrySwiftUI in Frameworks */,
				7D38FD052D3024F9008BF288 /* libSystem.tbd in Frameworks */,
				7D38FD032D3024CB008BF288 /* libz.tbd in Frameworks */,
				7D38FD012D3024C0008BF288 /* GSS.framework in Frameworks */,
				7D38FE9A2D32CF87008BF288 /* Mixpanel in Frameworks */,
				7D38FE952D32CF66008BF288 /* Sentry in Frameworks */,
				7D96603B2D4BBE4D00007D2A /* FirebaseAuth in Frameworks */,
			);
			runOnlyForDeploymentPostprocessing = 0;
		};
		7D38FB332D2F9581008BF288 /* Frameworks */ = {
			isa = PBXFrameworksBuildPhase;
			buildActionMask = 2147483647;
			files = (
				7D3B96252D4BC98B00F726D9 /* ZipArchive in Frameworks */,
			);
			runOnlyForDeploymentPostprocessing = 0;
		};
		7D38FB3D2D2F9581008BF288 /* Frameworks */ = {
			isa = PBXFrameworksBuildPhase;
			buildActionMask = 2147483647;
			files = (
			);
			runOnlyForDeploymentPostprocessing = 0;
		};
/* End PBXFrameworksBuildPhase section */

/* Begin PBXGroup section */
		7D38FB1C2D2F957F008BF288 = {
			isa = PBXGroup;
			children = (
				7D38FB272D2F957F008BF288 /* Xferro */,
				7D38FB392D2F9581008BF288 /* XferroTests */,
				7D38FCFF2D3024C0008BF288 /* Frameworks */,
				7D38FB262D2F957F008BF288 /* Products */,
			);
			sourceTree = "<group>";
		};
		7D38FB262D2F957F008BF288 /* Products */ = {
			isa = PBXGroup;
			children = (
				7D38FB252D2F957F008BF288 /* Xferro.app */,
				7D38FB362D2F9581008BF288 /* XferroTests.xctest */,
				7D38FB402D2F9581008BF288 /* XferroUITests.xctest */,
			);
			name = Products;
			sourceTree = "<group>";
		};
		7D38FCFF2D3024C0008BF288 /* Frameworks */ = {
			isa = PBXGroup;
			children = (
				7D38FD062D302508008BF288 /* libiconv.tbd */,
				7D38FD042D3024F9008BF288 /* libSystem.tbd */,
				7D38FD022D3024CB008BF288 /* libz.tbd */,
				7D38FD002D3024C0008BF288 /* GSS.framework */,
			);
			name = Frameworks;
			sourceTree = "<group>";
		};
/* End PBXGroup section */

/* Begin PBXNativeTarget section */
		7D38FB242D2F957F008BF288 /* Xferro */ = {
			isa = PBXNativeTarget;
			buildConfigurationList = 7D38FB4A2D2F9581008BF288 /* Build configuration list for PBXNativeTarget "Xferro" */;
			buildPhases = (
				7D38FB212D2F957F008BF288 /* Sources */,
				7D38FB222D2F957F008BF288 /* Frameworks */,
				7D38FB232D2F957F008BF288 /* Resources */,
				7D38FE9B2D32D029008BF288 /* Upload dsym to Sentry */,
			);
			buildRules = (
			);
			dependencies = (
			);
			fileSystemSynchronizedGroups = (
				7D38FB272D2F957F008BF288 /* Xferro */,
			);
			name = Xferro;
			packageProductDependencies = (
				7D38FE942D32CF66008BF288 /* Sentry */,
				7D38FE962D32CF66008BF288 /* SentrySwiftUI */,
				7D38FE992D32CF87008BF288 /* Mixpanel */,
				7D96603A2D4BBE4D00007D2A /* FirebaseAuth */,
			);
			productName = Xferro;
			productReference = 7D38FB252D2F957F008BF288 /* Xferro.app */;
			productType = "com.apple.product-type.application";
		};
		7D38FB352D2F9581008BF288 /* XferroTests */ = {
			isa = PBXNativeTarget;
			buildConfigurationList = 7D38FB4D2D2F9581008BF288 /* Build configuration list for PBXNativeTarget "XferroTests" */;
			buildPhases = (
				7D38FB322D2F9581008BF288 /* Sources */,
				7D38FB332D2F9581008BF288 /* Frameworks */,
				7D38FB342D2F9581008BF288 /* Resources */,
			);
			buildRules = (
			);
			dependencies = (
				7D38FB382D2F9581008BF288 /* PBXTargetDependency */,
			);
			fileSystemSynchronizedGroups = (
				7D38FB392D2F9581008BF288 /* XferroTests */,
			);
			name = XferroTests;
			packageProductDependencies = (
				7D3B96242D4BC98B00F726D9 /* ZipArchive */,
			);
			productName = XferroTests;
			productReference = 7D38FB362D2F9581008BF288 /* XferroTests.xctest */;
			productType = "com.apple.product-type.bundle.unit-test";
		};
		7D38FB3F2D2F9581008BF288 /* XferroUITests */ = {
			isa = PBXNativeTarget;
			buildConfigurationList = 7D38FB502D2F9581008BF288 /* Build configuration list for PBXNativeTarget "XferroUITests" */;
			buildPhases = (
				7D38FB3C2D2F9581008BF288 /* Sources */,
				7D38FB3D2D2F9581008BF288 /* Frameworks */,
				7D38FB3E2D2F9581008BF288 /* Resources */,
			);
			buildRules = (
			);
			dependencies = (
				7D38FB422D2F9581008BF288 /* PBXTargetDependency */,
			);
			name = XferroUITests;
			packageProductDependencies = (
			);
			productName = XferroUITests;
			productReference = 7D38FB402D2F9581008BF288 /* XferroUITests.xctest */;
			productType = "com.apple.product-type.bundle.ui-testing";
		};
/* End PBXNativeTarget section */

/* Begin PBXProject section */
		7D38FB1D2D2F957F008BF288 /* Project object */ = {
			isa = PBXProject;
			attributes = {
				BuildIndependentTargetsInParallel = 1;
				LastSwiftUpdateCheck = 1620;
				LastUpgradeCheck = 1620;
				TargetAttributes = {
					7D38FB242D2F957F008BF288 = {
						CreatedOnToolsVersion = 16.2;
						LastSwiftMigration = 1620;
					};
					7D38FB352D2F9581008BF288 = {
						CreatedOnToolsVersion = 16.2;
						TestTargetID = 7D38FB242D2F957F008BF288;
					};
					7D38FB3F2D2F9581008BF288 = {
						CreatedOnToolsVersion = 16.2;
						TestTargetID = 7D38FB242D2F957F008BF288;
					};
				};
			};
			buildConfigurationList = 7D38FB202D2F957F008BF288 /* Build configuration list for PBXProject "Xferro" */;
			developmentRegion = en;
			hasScannedForEncodings = 0;
			knownRegions = (
				en,
				Base,
			);
			mainGroup = 7D38FB1C2D2F957F008BF288;
			minimizedProjectReferenceProxies = 1;
			packageReferences = (
				7D38FE932D32CF66008BF288 /* XCRemoteSwiftPackageReference "sentry-cocoa" */,
				7D38FE982D32CF87008BF288 /* XCRemoteSwiftPackageReference "mixpanel-swift" */,
				7D9660392D4BBE4D00007D2A /* XCRemoteSwiftPackageReference "firebase-ios-sdk" */,
				7D3B96232D4BC98B00F726D9 /* XCRemoteSwiftPackageReference "ZipArchive" */,
			);
			preferredProjectObjectVersion = 77;
			productRefGroup = 7D38FB262D2F957F008BF288 /* Products */;
			projectDirPath = "";
			projectRoot = "";
			targets = (
				7D38FB242D2F957F008BF288 /* Xferro */,
				7D38FB352D2F9581008BF288 /* XferroTests */,
				7D38FB3F2D2F9581008BF288 /* XferroUITests */,
			);
		};
/* End PBXProject section */

/* Begin PBXResourcesBuildPhase section */
		7D38FB232D2F957F008BF288 /* Resources */ = {
			isa = PBXResourcesBuildPhase;
			buildActionMask = 2147483647;
			files = (
			);
			runOnlyForDeploymentPostprocessing = 0;
		};
		7D38FB342D2F9581008BF288 /* Resources */ = {
			isa = PBXResourcesBuildPhase;
			buildActionMask = 2147483647;
			files = (
			);
			runOnlyForDeploymentPostprocessing = 0;
		};
		7D38FB3E2D2F9581008BF288 /* Resources */ = {
			isa = PBXResourcesBuildPhase;
			buildActionMask = 2147483647;
			files = (
			);
			runOnlyForDeploymentPostprocessing = 0;
		};
/* End PBXResourcesBuildPhase section */

/* Begin PBXShellScriptBuildPhase section */
		7D38FE9B2D32D029008BF288 /* Upload dsym to Sentry */ = {
			isa = PBXShellScriptBuildPhase;
			alwaysOutOfDate = 1;
			buildActionMask = 2147483647;
			files = (
			);
			inputFileListPaths = (
			);
			inputPaths = (
			);
			name = "Upload dsym to Sentry";
			outputFileListPaths = (
			);
			outputPaths = (
			);
			runOnlyForDeploymentPostprocessing = 0;
			shellPath = /bin/sh;
			shellScript = "if [[ \"$(uname -m)\" == arm64 ]]; then\n    export PATH=\"/opt/homebrew/bin:$PATH\"\nfi\n\nif which sentry-cli >/dev/null; then\nexport SENTRY_ORG=undotree\nexport SENTRY_PROJECT=apple-macos\nexport SENTRY_AUTH_TOKEN=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\nERROR=$(sentry-cli debug-files upload \\\n\"$DWARF_DSYM_FOLDER_PATH\" \"${DWARF_DSYM_FOLDER_PATH}/${DWARF_DSYM_FILE_NAME}/Contents/Resources/DWARF/${TARGET_NAME}\" --force-foreground --include-sources 2>&1 >/dev/null)\nif [ ! $? -eq 0 ]; then\necho \"error: sentry-cli - $ERROR\"\nfi\nelse\necho \"error: sentry-cli not installed, download from https://github.com/getsentry/sentry-cli/releases\"\nfi\n\n";
		};
/* End PBXShellScriptBuildPhase section */

/* Begin PBXSourcesBuildPhase section */
		7D38FB212D2F957F008BF288 /* Sources */ = {
			isa = PBXSourcesBuildPhase;
			buildActionMask = 2147483647;
			files = (
			);
			runOnlyForDeploymentPostprocessing = 0;
		};
		7D38FB322D2F9581008BF288 /* Sources */ = {
			isa = PBXSourcesBuildPhase;
			buildActionMask = 2147483647;
			files = (
			);
			runOnlyForDeploymentPostprocessing = 0;
		};
		7D38FB3C2D2F9581008BF288 /* Sources */ = {
			isa = PBXSourcesBuildPhase;
			buildActionMask = 2147483647;
			files = (
			);
			runOnlyForDeploymentPostprocessing = 0;
		};
/* End PBXSourcesBuildPhase section */

/* Begin PBXTargetDependency section */
		7D38FB382D2F9581008BF288 /* PBXTargetDependency */ = {
			isa = PBXTargetDependency;
			target = 7D38FB242D2F957F008BF288 /* Xferro */;
			targetProxy = 7D38FB372D2F9581008BF288 /* PBXContainerItemProxy */;
		};
		7D38FB422D2F9581008BF288 /* PBXTargetDependency */ = {
			isa = PBXTargetDependency;
			target = 7D38FB242D2F957F008BF288 /* Xferro */;
			targetProxy = 7D38FB412D2F9581008BF288 /* PBXContainerItemProxy */;
		};
/* End PBXTargetDependency section */

/* Begin XCBuildConfiguration section */
		7D38FB482D2F9581008BF288 /* Debug */ = {
			isa = XCBuildConfiguration;
			buildSettings = {
				ALWAYS_SEARCH_USER_PATHS = NO;
				ASSETCATALOG_COMPILER_GENERATE_SWIFT_ASSET_SYMBOL_EXTENSIONS = YES;
				CLANG_ANALYZER_NONNULL = YES;
				CLANG_ANALYZER_NUMBER_OBJECT_CONVERSION = YES_AGGRESSIVE;
				CLANG_CXX_LANGUAGE_STANDARD = "gnu++20";
				CLANG_ENABLE_MODULES = YES;
				CLANG_ENABLE_OBJC_ARC = YES;
				CLANG_ENABLE_OBJC_WEAK = YES;
				CLANG_WARN_BLOCK_CAPTURE_AUTORELEASING = YES;
				CLANG_WARN_BOOL_CONVERSION = YES;
				CLANG_WARN_COMMA = YES;
				CLANG_WARN_CONSTANT_CONVERSION = YES;
				CLANG_WARN_DEPRECATED_OBJC_IMPLEMENTATIONS = YES;
				CLANG_WARN_DIRECT_OBJC_ISA_USAGE = YES_ERROR;
				CLANG_WARN_DOCUMENTATION_COMMENTS = YES;
				CLANG_WARN_EMPTY_BODY = YES;
				CLANG_WARN_ENUM_CONVERSION = YES;
				CLANG_WARN_INFINITE_RECURSION = YES;
				CLANG_WARN_INT_CONVERSION = YES;
				CLANG_WARN_NON_LITERAL_NULL_CONVERSION = YES;
				CLANG_WARN_OBJC_IMPLICIT_RETAIN_SELF = YES;
				CLANG_WARN_OBJC_LITERAL_CONVERSION = YES;
				CLANG_WARN_OBJC_ROOT_CLASS = YES_ERROR;
				CLANG_WARN_QUOTED_INCLUDE_IN_FRAMEWORK_HEADER = YES;
				CLANG_WARN_RANGE_LOOP_ANALYSIS = YES;
				CLANG_WARN_STRICT_PROTOTYPES = YES;
				CLANG_WARN_SUSPICIOUS_MOVE = YES;
				CLANG_WARN_UNGUARDED_AVAILABILITY = YES_AGGRESSIVE;
				CLANG_WARN_UNREACHABLE_CODE = YES;
				CLANG_WARN__DUPLICATE_METHOD_MATCH = YES;
				COPY_PHASE_STRIP = NO;
				DEBUG_INFORMATION_FORMAT = dwarf;
				ENABLE_STRICT_OBJC_MSGSEND = YES;
				ENABLE_TESTABILITY = YES;
				ENABLE_USER_SCRIPT_SANDBOXING = YES;
				EXCLUDED_ARCHS = x86_64;
				GCC_C_LANGUAGE_STANDARD = gnu17;
				GCC_DYNAMIC_NO_PIC = NO;
				GCC_NO_COMMON_BLOCKS = YES;
				GCC_OPTIMIZATION_LEVEL = 0;
				GCC_PREPROCESSOR_DEFINITIONS = (
					"DEBUG=1",
					"$(inherited)",
				);
				GCC_WARN_64_TO_32_BIT_CONVERSION = YES;
				GCC_WARN_ABOUT_RETURN_TYPE = YES_ERROR;
				GCC_WARN_UNDECLARED_SELECTOR = YES;
				GCC_WARN_UNINITIALIZED_AUTOS = YES_AGGRESSIVE;
				GCC_WARN_UNUSED_FUNCTION = YES;
				GCC_WARN_UNUSED_VARIABLE = YES;
				HEADER_SEARCH_PATHS = (
					"$(SRCROOT)/Xferro/Libraries/git2-headers",
					"$(SRCROOT)/Xferro/Libraries/libssh2-headers",
					"$(SRCROOT)/Xferro/Libraries/openssl-headers",
				);
				LOCALIZATION_PREFERS_STRING_CATALOGS = YES;
				MACOSX_DEPLOYMENT_TARGET = 15.2;
				MTL_ENABLE_DEBUG_INFO = INCLUDE_SOURCE;
				MTL_FAST_MATH = YES;
				ONLY_ACTIVE_ARCH = YES;
				SDKROOT = macosx;
				SWIFT_ACTIVE_COMPILATION_CONDITIONS = "DEBUG $(inherited)";
				SWIFT_OBJC_BRIDGING_HEADER = "Xferro/Xferro-Bridging-Header.h";
				SWIFT_OPTIMIZATION_LEVEL = "-Onone";
			};
			name = Debug;
		};
		7D38FB492D2F9581008BF288 /* Release */ = {
			isa = XCBuildConfiguration;
			buildSettings = {
				ALWAYS_SEARCH_USER_PATHS = NO;
				ASSETCATALOG_COMPILER_GENERATE_SWIFT_ASSET_SYMBOL_EXTENSIONS = YES;
				CLANG_ANALYZER_NONNULL = YES;
				CLANG_ANALYZER_NUMBER_OBJECT_CONVERSION = YES_AGGRESSIVE;
				CLANG_CXX_LANGUAGE_STANDARD = "gnu++20";
				CLANG_ENABLE_MODULES = YES;
				CLANG_ENABLE_OBJC_ARC = YES;
				CLANG_ENABLE_OBJC_WEAK = YES;
				CLANG_WARN_BLOCK_CAPTURE_AUTORELEASING = YES;
				CLANG_WARN_BOOL_CONVERSION = YES;
				CLANG_WARN_COMMA = YES;
				CLANG_WARN_CONSTANT_CONVERSION = YES;
				CLANG_WARN_DEPRECATED_OBJC_IMPLEMENTATIONS = YES;
				CLANG_WARN_DIRECT_OBJC_ISA_USAGE = YES_ERROR;
				CLANG_WARN_DOCUMENTATION_COMMENTS = YES;
				CLANG_WARN_EMPTY_BODY = YES;
				CLANG_WARN_ENUM_CONVERSION = YES;
				CLANG_WARN_INFINITE_RECURSION = YES;
				CLANG_WARN_INT_CONVERSION = YES;
				CLANG_WARN_NON_LITERAL_NULL_CONVERSION = YES;
				CLANG_WARN_OBJC_IMPLICIT_RETAIN_SELF = YES;
				CLANG_WARN_OBJC_LITERAL_CONVERSION = YES;
				CLANG_WARN_OBJC_ROOT_CLASS = YES_ERROR;
				CLANG_WARN_QUOTED_INCLUDE_IN_FRAMEWORK_HEADER = YES;
				CLANG_WARN_RANGE_LOOP_ANALYSIS = YES;
				CLANG_WARN_STRICT_PROTOTYPES = YES;
				CLANG_WARN_SUSPICIOUS_MOVE = YES;
				CLANG_WARN_UNGUARDED_AVAILABILITY = YES_AGGRESSIVE;
				CLANG_WARN_UNREACHABLE_CODE = YES;
				CLANG_WARN__DUPLICATE_METHOD_MATCH = YES;
				COPY_PHASE_STRIP = NO;
				DEBUG_INFORMATION_FORMAT = "dwarf-with-dsym";
				ENABLE_NS_ASSERTIONS = NO;
				ENABLE_STRICT_OBJC_MSGSEND = YES;
				ENABLE_USER_SCRIPT_SANDBOXING = YES;
				EXCLUDED_ARCHS = x86_64;
				GCC_C_LANGUAGE_STANDARD = gnu17;
				GCC_NO_COMMON_BLOCKS = YES;
				GCC_WARN_64_TO_32_BIT_CONVERSION = YES;
				GCC_WARN_ABOUT_RETURN_TYPE = YES_ERROR;
				GCC_WARN_UNDECLARED_SELECTOR = YES;
				GCC_WARN_UNINITIALIZED_AUTOS = YES_AGGRESSIVE;
				GCC_WARN_UNUSED_FUNCTION = YES;
				GCC_WARN_UNUSED_VARIABLE = YES;
				HEADER_SEARCH_PATHS = (
					"$(SRCROOT)/Xferro/Libraries/git2-headers",
					"$(SRCROOT)/Xferro/Libraries/libssh2-headers",
					"$(SRCROOT)/Xferro/Libraries/openssl-headers",
				);
				LOCALIZATION_PREFERS_STRING_CATALOGS = YES;
				MACOSX_DEPLOYMENT_TARGET = 15.2;
				MTL_ENABLE_DEBUG_INFO = NO;
				MTL_FAST_MATH = YES;
				SDKROOT = macosx;
				SWIFT_COMPILATION_MODE = wholemodule;
				SWIFT_OBJC_BRIDGING_HEADER = "Xferro/Xferro-Bridging-Header.h";
			};
			name = Release;
		};
		7D38FB4B2D2F9581008BF288 /* Debug */ = {
			isa = XCBuildConfiguration;
			buildSettings = {
				ASSETCATALOG_COMPILER_APPICON_NAME = AppIcon;
				ASSETCATALOG_COMPILER_GLOBAL_ACCENT_COLOR_NAME = AccentColor;
				CLANG_ENABLE_MODULES = YES;
				CODE_SIGN_ENTITLEMENTS = Xferro/Xferro.entitlements;
				CODE_SIGN_IDENTITY = "Apple Development";
				"CODE_SIGN_IDENTITY[sdk=macosx*]" = "-";
				CODE_SIGN_STYLE = Manual;
				COMBINE_HIDPI_IMAGES = YES;
				CURRENT_PROJECT_VERSION = 1;
				DEVELOPMENT_TEAM = "";
				ENABLE_HARDENED_RUNTIME = NO;
				ENABLE_USER_SCRIPT_SANDBOXING = NO;
				FRAMEWORK_SEARCH_PATHS = (
					"$(inherited)",
					"$(PROJECT_DIR)/Xferro/Libraries",
				);
				GENERATE_INFOPLIST_FILE = YES;
				INFOPLIST_FILE = Xferro/Info.plist;
				INFOPLIST_KEY_LSApplicationCategoryType = "public.app-category.developer-tools";
				INFOPLIST_KEY_NSHumanReadableCopyright = "";
				INFOPLIST_KEY_NSPrincipalClass = NSApplication;
				LD_RUNPATH_SEARCH_PATHS = (
					"$(inherited)",
					"@executable_path/../Frameworks",
				);
				LIBRARY_SEARCH_PATHS = (
					"$(inherited)",
					"$(PROJECT_DIR)/Xferro/Libraries",
				);
				MARKETING_VERSION = 1.0;
				OTHER_LDFLAGS = "-ObjC";
				PRODUCT_BUNDLE_IDENTIFIER = com.xferro.Xferro;
				PRODUCT_NAME = "$(TARGET_NAME)";
				PROVISIONING_PROFILE_SPECIFIER = "";
				SWIFT_EMIT_LOC_STRINGS = YES;
				SWIFT_OPTIMIZATION_LEVEL = "-Onone";
				SWIFT_VERSION = 5.0;
			};
			name = Debug;
		};
		7D38FB4C2D2F9581008BF288 /* Release */ = {
			isa = XCBuildConfiguration;
			buildSettings = {
				ASSETCATALOG_COMPILER_APPICON_NAME = AppIcon;
				ASSETCATALOG_COMPILER_GLOBAL_ACCENT_COLOR_NAME = AccentColor;
				CLANG_ENABLE_MODULES = YES;
				CODE_SIGN_ENTITLEMENTS = Xferro/Xferro.entitlements;
				CODE_SIGN_IDENTITY = "Apple Development";
				"CODE_SIGN_IDENTITY[sdk=macosx*]" = "-";
				CODE_SIGN_STYLE = Manual;
				COMBINE_HIDPI_IMAGES = YES;
				CURRENT_PROJECT_VERSION = 1;
				DEVELOPMENT_TEAM = "";
				ENABLE_HARDENED_RUNTIME = NO;
				ENABLE_USER_SCRIPT_SANDBOXING = NO;
				FRAMEWORK_SEARCH_PATHS = (
					"$(inherited)",
					"$(PROJECT_DIR)/Xferro/Libraries",
				);
				GENERATE_INFOPLIST_FILE = YES;
				INFOPLIST_FILE = Xferro/Info.plist;
				INFOPLIST_KEY_LSApplicationCategoryType = "public.app-category.developer-tools";
				INFOPLIST_KEY_NSHumanReadableCopyright = "";
				INFOPLIST_KEY_NSPrincipalClass = NSApplication;
				LD_RUNPATH_SEARCH_PATHS = (
					"$(inherited)",
					"@executable_path/../Frameworks",
				);
				LIBRARY_SEARCH_PATHS = (
					"$(inherited)",
					"$(PROJECT_DIR)/Xferro/Libraries",
				);
				MARKETING_VERSION = 1.0;
				OTHER_LDFLAGS = "-ObjC";
				PRODUCT_BUNDLE_IDENTIFIER = com.xferro.Xferro;
				PRODUCT_NAME = "$(TARGET_NAME)";
				PROVISIONING_PROFILE_SPECIFIER = "";
				SWIFT_EMIT_LOC_STRINGS = YES;
				SWIFT_VERSION = 5.0;
			};
			name = Release;
		};
		7D38FB4E2D2F9581008BF288 /* Debug */ = {
			isa = XCBuildConfiguration;
			buildSettings = {
				BUNDLE_LOADER = "$(TEST_HOST)";
				CODE_SIGN_STYLE = Automatic;
				CURRENT_PROJECT_VERSION = 1;
				GENERATE_INFOPLIST_FILE = YES;
				MACOSX_DEPLOYMENT_TARGET = 15.2;
				MARKETING_VERSION = 1.0;
				PRODUCT_BUNDLE_IDENTIFIER = com.xferro.XferroTests;
				PRODUCT_NAME = "$(TARGET_NAME)";
				SWIFT_EMIT_LOC_STRINGS = NO;
				SWIFT_VERSION = 5.0;
				TEST_HOST = "$(BUILT_PRODUCTS_DIR)/Xferro.app/$(BUNDLE_EXECUTABLE_FOLDER_PATH)/Xferro";
			};
			name = Debug;
		};
		7D38FB4F2D2F9581008BF288 /* Release */ = {
			isa = XCBuildConfiguration;
			buildSettings = {
				BUNDLE_LOADER = "$(TEST_HOST)";
				CODE_SIGN_STYLE = Automatic;
				CURRENT_PROJECT_VERSION = 1;
				GENERATE_INFOPLIST_FILE = YES;
				MACOSX_DEPLOYMENT_TARGET = 15.2;
				MARKETING_VERSION = 1.0;
				PRODUCT_BUNDLE_IDENTIFIER = com.xferro.XferroTests;
				PRODUCT_NAME = "$(TARGET_NAME)";
				SWIFT_EMIT_LOC_STRINGS = NO;
				SWIFT_VERSION = 5.0;
				TEST_HOST = "$(BUILT_PRODUCTS_DIR)/Xferro.app/$(BUNDLE_EXECUTABLE_FOLDER_PATH)/Xferro";
			};
			name = Release;
		};
		7D38FB512D2F9581008BF288 /* Debug */ = {
			isa = XCBuildConfiguration;
			buildSettings = {
				CODE_SIGN_STYLE = Automatic;
				CURRENT_PROJECT_VERSION = 1;
				GENERATE_INFOPLIST_FILE = YES;
				MARKETING_VERSION = 1.0;
				PRODUCT_BUNDLE_IDENTIFIER = com.xferro.XferroUITests;
				PRODUCT_NAME = "$(TARGET_NAME)";
				SWIFT_EMIT_LOC_STRINGS = NO;
				SWIFT_VERSION = 5.0;
				TEST_TARGET_NAME = Xferro;
			};
			name = Debug;
		};
		7D38FB522D2F9581008BF288 /* Release */ = {
			isa = XCBuildConfiguration;
			buildSettings = {
				CODE_SIGN_STYLE = Automatic;
				CURRENT_PROJECT_VERSION = 1;
				GENERATE_INFOPLIST_FILE = YES;
				MARKETING_VERSION = 1.0;
				PRODUCT_BUNDLE_IDENTIFIER = com.xferro.XferroUITests;
				PRODUCT_NAME = "$(TARGET_NAME)";
				SWIFT_EMIT_LOC_STRINGS = NO;
				SWIFT_VERSION = 5.0;
				TEST_TARGET_NAME = Xferro;
			};
			name = Release;
		};
		7DEE91BF2D37066600BE8315 /* Test */ = {
			isa = XCBuildConfiguration;
			buildSettings = {
				ALWAYS_SEARCH_USER_PATHS = NO;
				ASSETCATALOG_COMPILER_GENERATE_SWIFT_ASSET_SYMBOL_EXTENSIONS = YES;
				CLANG_ANALYZER_NONNULL = YES;
				CLANG_ANALYZER_NUMBER_OBJECT_CONVERSION = YES_AGGRESSIVE;
				CLANG_CXX_LANGUAGE_STANDARD = "gnu++20";
				CLANG_ENABLE_MODULES = YES;
				CLANG_ENABLE_OBJC_ARC = YES;
				CLANG_ENABLE_OBJC_WEAK = YES;
				CLANG_WARN_BLOCK_CAPTURE_AUTORELEASING = YES;
				CLANG_WARN_BOOL_CONVERSION = YES;
				CLANG_WARN_COMMA = YES;
				CLANG_WARN_CONSTANT_CONVERSION = YES;
				CLANG_WARN_DEPRECATED_OBJC_IMPLEMENTATIONS = YES;
				CLANG_WARN_DIRECT_OBJC_ISA_USAGE = YES_ERROR;
				CLANG_WARN_DOCUMENTATION_COMMENTS = YES;
				CLANG_WARN_EMPTY_BODY = YES;
				CLANG_WARN_ENUM_CONVERSION = YES;
				CLANG_WARN_INFINITE_RECURSION = YES;
				CLANG_WARN_INT_CONVERSION = YES;
				CLANG_WARN_NON_LITERAL_NULL_CONVERSION = YES;
				CLANG_WARN_OBJC_IMPLICIT_RETAIN_SELF = YES;
				CLANG_WARN_OBJC_LITERAL_CONVERSION = YES;
				CLANG_WARN_OBJC_ROOT_CLASS = YES_ERROR;
				CLANG_WARN_QUOTED_INCLUDE_IN_FRAMEWORK_HEADER = YES;
				CLANG_WARN_RANGE_LOOP_ANALYSIS = YES;
				CLANG_WARN_STRICT_PROTOTYPES = YES;
				CLANG_WARN_SUSPICIOUS_MOVE = YES;
				CLANG_WARN_UNGUARDED_AVAILABILITY = YES_AGGRESSIVE;
				CLANG_WARN_UNREACHABLE_CODE = YES;
				CLANG_WARN__DUPLICATE_METHOD_MATCH = YES;
				COPY_PHASE_STRIP = NO;
				DEBUG_INFORMATION_FORMAT = dwarf;
				ENABLE_STRICT_OBJC_MSGSEND = YES;
				ENABLE_TESTABILITY = YES;
				ENABLE_USER_SCRIPT_SANDBOXING = YES;
				EXCLUDED_ARCHS = x86_64;
				GCC_C_LANGUAGE_STANDARD = gnu17;
				GCC_DYNAMIC_NO_PIC = NO;
				GCC_NO_COMMON_BLOCKS = YES;
				GCC_OPTIMIZATION_LEVEL = 0;
				GCC_PREPROCESSOR_DEFINITIONS = (
					"DEBUG=1",
					"$(inherited)",
				);
				GCC_WARN_64_TO_32_BIT_CONVERSION = YES;
				GCC_WARN_ABOUT_RETURN_TYPE = YES_ERROR;
				GCC_WARN_UNDECLARED_SELECTOR = YES;
				GCC_WARN_UNINITIALIZED_AUTOS = YES_AGGRESSIVE;
				GCC_WARN_UNUSED_FUNCTION = YES;
				GCC_WARN_UNUSED_VARIABLE = YES;
				HEADER_SEARCH_PATHS = (
					"$(SRCROOT)/Xferro/Libraries/git2-headers",
					"$(SRCROOT)/Xferro/Libraries/libssh2-headers",
					"$(SRCROOT)/Xferro/Libraries/openssl-headers",
				);
				LOCALIZATION_PREFERS_STRING_CATALOGS = YES;
				MACOSX_DEPLOYMENT_TARGET = 15.2;
				MTL_ENABLE_DEBUG_INFO = INCLUDE_SOURCE;
				MTL_FAST_MATH = YES;
				ONLY_ACTIVE_ARCH = YES;
				SDKROOT = macosx;
				SWIFT_ACTIVE_COMPILATION_CONDITIONS = "DEBUG $(inherited)";
				SWIFT_OBJC_BRIDGING_HEADER = "Xferro/Xferro-Bridging-Header.h";
				SWIFT_OPTIMIZATION_LEVEL = "-Onone";
			};
			name = Test;
		};
		7DEE91C02D37066600BE8315 /* Test */ = {
			isa = XCBuildConfiguration;
			buildSettings = {
				ASSETCATALOG_COMPILER_APPICON_NAME = AppIcon;
				ASSETCATALOG_COMPILER_GLOBAL_ACCENT_COLOR_NAME = AccentColor;
				CLANG_ENABLE_MODULES = YES;
				CODE_SIGN_ENTITLEMENTS = Xferro/Xferro.entitlements;
				CODE_SIGN_IDENTITY = "Apple Development";
				"CODE_SIGN_IDENTITY[sdk=macosx*]" = "-";
				CODE_SIGN_STYLE = Manual;
				COMBINE_HIDPI_IMAGES = YES;
				CURRENT_PROJECT_VERSION = 1;
				DEVELOPMENT_TEAM = "";
				ENABLE_HARDENED_RUNTIME = NO;
				ENABLE_USER_SCRIPT_SANDBOXING = NO;
				FRAMEWORK_SEARCH_PATHS = (
					"$(inherited)",
					"$(PROJECT_DIR)/Xferro/Libraries",
				);
				GENERATE_INFOPLIST_FILE = YES;
				INFOPLIST_FILE = Xferro/Info.plist;
				INFOPLIST_KEY_LSApplicationCategoryType = "public.app-category.developer-tools";
				INFOPLIST_KEY_NSHumanReadableCopyright = "";
				INFOPLIST_KEY_NSPrincipalClass = NSApplication;
				LD_RUNPATH_SEARCH_PATHS = (
					"$(inherited)",
					"@executable_path/../Frameworks",
				);
				LIBRARY_SEARCH_PATHS = (
					"$(inherited)",
					"$(PROJECT_DIR)/Xferro/Libraries",
				);
				MARKETING_VERSION = 1.0;
				OTHER_LDFLAGS = "-ObjC";
				PRODUCT_BUNDLE_IDENTIFIER = com.xferro.Xferro;
				PRODUCT_NAME = "$(TARGET_NAME)";
				PROVISIONING_PROFILE_SPECIFIER = "";
				SWIFT_ACTIVE_COMPILATION_CONDITIONS = "DEBUG $(inherited) TEST";
				SWIFT_EMIT_LOC_STRINGS = YES;
				SWIFT_OPTIMIZATION_LEVEL = "-Onone";
				SWIFT_VERSION = 5.0;
			};
			name = Test;
		};
		7DEE91C12D37066600BE8315 /* Test */ = {
			isa = XCBuildConfiguration;
			buildSettings = {
				BUNDLE_LOADER = "$(TEST_HOST)";
				CODE_SIGN_STYLE = Automatic;
				CURRENT_PROJECT_VERSION = 1;
				GENERATE_INFOPLIST_FILE = YES;
				MACOSX_DEPLOYMENT_TARGET = 15.2;
				MARKETING_VERSION = 1.0;
				PRODUCT_BUNDLE_IDENTIFIER = com.xferro.XferroTests;
				PRODUCT_NAME = "$(TARGET_NAME)";
				SWIFT_EMIT_LOC_STRINGS = NO;
				SWIFT_VERSION = 5.0;
				TEST_HOST = "$(BUILT_PRODUCTS_DIR)/Xferro.app/$(BUNDLE_EXECUTABLE_FOLDER_PATH)/Xferro";
			};
			name = Test;
		};
		7DEE91C22D37066600BE8315 /* Test */ = {
			isa = XCBuildConfiguration;
			buildSettings = {
				CODE_SIGN_STYLE = Automatic;
				CURRENT_PROJECT_VERSION = 1;
				GENERATE_INFOPLIST_FILE = YES;
				MARKETING_VERSION = 1.0;
				PRODUCT_BUNDLE_IDENTIFIER = com.xferro.XferroUITests;
				PRODUCT_NAME = "$(TARGET_NAME)";
				SWIFT_EMIT_LOC_STRINGS = NO;
				SWIFT_VERSION = 5.0;
				TEST_TARGET_NAME = Xferro;
			};
			name = Test;
		};
/* End XCBuildConfiguration section */

/* Begin XCConfigurationList section */
		7D38FB202D2F957F008BF288 /* Build configuration list for PBXProject "Xferro" */ = {
			isa = XCConfigurationList;
			buildConfigurations = (
				7D38FB482D2F9581008BF288 /* Debug */,
				7DEE91BF2D37066600BE8315 /* Test */,
				7D38FB492D2F9581008BF288 /* Release */,
			);
			defaultConfigurationIsVisible = 0;
			defaultConfigurationName = Release;
		};
		7D38FB4A2D2F9581008BF288 /* Build configuration list for PBXNativeTarget "Xferro" */ = {
			isa = XCConfigurationList;
			buildConfigurations = (
				7D38FB4B2D2F9581008BF288 /* Debug */,
				7DEE91C02D37066600BE8315 /* Test */,
				7D38FB4C2D2F9581008BF288 /* Release */,
			);
			defaultConfigurationIsVisible = 0;
			defaultConfigurationName = Release;
		};
		7D38FB4D2D2F9581008BF288 /* Build configuration list for PBXNativeTarget "XferroTests" */ = {
			isa = XCConfigurationList;
			buildConfigurations = (
				7D38FB4E2D2F9581008BF288 /* Debug */,
				7DEE91C12D37066600BE8315 /* Test */,
				7D38FB4F2D2F9581008BF288 /* Release */,
			);
			defaultConfigurationIsVisible = 0;
			defaultConfigurationName = Release;
		};
		7D38FB502D2F9581008BF288 /* Build configuration list for PBXNativeTarget "XferroUITests" */ = {
			isa = XCConfigurationList;
			buildConfigurations = (
				7D38FB512D2F9581008BF288 /* Debug */,
				7DEE91C22D37066600BE8315 /* Test */,
				7D38FB522D2F9581008BF288 /* Release */,
			);
			defaultConfigurationIsVisible = 0;
			defaultConfigurationName = Release;
		};
/* End XCConfigurationList section */

/* Begin XCRemoteSwiftPackageReference section */
		7D38FE932D32CF66008BF288 /* XCRemoteSwiftPackageReference "sentry-cocoa" */ = {
			isa = XCRemoteSwiftPackageReference;
			repositoryURL = "https://github.com/getsentry/sentry-cocoa.git";
			requirement = {
				kind = upToNextMajorVersion;
				minimumVersion = 8.43.0;
			};
		};
		7D38FE982D32CF87008BF288 /* XCRemoteSwiftPackageReference "mixpanel-swift" */ = {
			isa = XCRemoteSwiftPackageReference;
			repositoryURL = "https://github.com/mixpanel/mixpanel-swift";
			requirement = {
				kind = upToNextMajorVersion;
				minimumVersion = 4.3.0;
			};
		};
		7D3B96232D4BC98B00F726D9 /* XCRemoteSwiftPackageReference "ZipArchive" */ = {
			isa = XCRemoteSwiftPackageReference;
			repositoryURL = "https://github.com/ZipArchive/ZipArchive";
			requirement = {
				kind = upToNextMajorVersion;
				minimumVersion = 2.6.0;
			};
		};
		7D9660392D4BBE4D00007D2A /* XCRemoteSwiftPackageReference "firebase-ios-sdk" */ = {
			isa = XCRemoteSwiftPackageReference;
			repositoryURL = "https://github.com/firebase/firebase-ios-sdk";
			requirement = {
				kind = upToNextMajorVersion;
				minimumVersion = 11.7.0;
			};
		};
/* End XCRemoteSwiftPackageReference section */

/* Begin XCSwiftPackageProductDependency section */
		7D38FE942D32CF66008BF288 /* Sentry */ = {
			isa = XCSwiftPackageProductDependency;
			package = 7D38FE932D32CF66008BF288 /* XCRemoteSwiftPackageReference "sentry-cocoa" */;
			productName = Sentry;
		};
		7D38FE962D32CF66008BF288 /* SentrySwiftUI */ = {
			isa = XCSwiftPackageProductDependency;
			package = 7D38FE932D32CF66008BF288 /* XCRemoteSwiftPackageReference "sentry-cocoa" */;
			productName = SentrySwiftUI;
		};
		7D38FE992D32CF87008BF288 /* Mixpanel */ = {
			isa = XCSwiftPackageProductDependency;
			package = 7D38FE982D32CF87008BF288 /* XCRemoteSwiftPackageReference "mixpanel-swift" */;
			productName = Mixpanel;
		};
		7D3B96242D4BC98B00F726D9 /* ZipArchive */ = {
			isa = XCSwiftPackageProductDependency;
			package = 7D3B96232D4BC98B00F726D9 /* XCRemoteSwiftPackageReference "ZipArchive" */;
			productName = ZipArchive;
		};
		7D96603A2D4BBE4D00007D2A /* FirebaseAuth */ = {
			isa = XCSwiftPackageProductDependency;
			package = 7D9660392D4BBE4D00007D2A /* XCRemoteSwiftPackageReference "firebase-ios-sdk" */;
			productName = FirebaseAuth;
		};
/* End XCSwiftPackageProductDependency section */
	};
	rootObject = 7D38FB1D2D2F957F008BF288 /* Project object */;
}
